
Microsoft Visual Studio Solution File, Format Version 12.00
# Visual Studio Version 18
VisualStudioVersion = 18.0.11222.15 d18.0
MinimumVisualStudioVersion = 10.0.40219.1
Project("{FAE04EC0-301F-11D3-BF4B-00C04F79EFBC}") = "CatTalk", "CatTalk.csproj", "{4781E0C9-24FC-84B7-E6DC-87B094FE8B48}"
EndProject
Global
	GlobalSection(SolutionConfigurationPlatforms) = preSolution
		Debug|Any CPU = Debug|Any CPU
		Release|Any CPU = Release|Any CPU
	EndGlobalSection
	GlobalSection(ProjectConfigurationPlatforms) = postSolution
		{4781E0C9-24FC-84B7-E6DC-87B094FE8B48}.Debug|Any CPU.ActiveCfg = Debug|Any CPU
		{4781E0C9-24FC-84B7-E6DC-87B094FE8B48}.Debug|Any CPU.Build.0 = Debug|Any CPU
		{4781E0C9-24FC-84B7-E6DC-87B094FE8B48}.Release|Any CPU.ActiveCfg = Release|Any CPU
		{4781E0C9-24FC-84B7-E6DC-87B094FE8B48}.Release|Any CPU.Build.0 = Release|Any CPU
	EndGlobalSection
	GlobalSection(SolutionProperties) = preSolution
		HideSolutionNode = FALSE
	EndGlobalSection
	GlobalSection(ExtensibilityGlobals) = postSolution
		SolutionGuid = {947578EF-38F2-4106-807F-CC01013D097C}
	EndGlobalSection
EndGlobal
